
Microsoft Visual Studio Solution File, Format Version 12.00
# Visual Studio 15
VisualStudioVersion = 15.0.28010.2050
MinimumVisualStudioVersion = 10.0.40219.1
Project("{FAE04EC0-301F-11D3-BF4B-00C04F79EFBC}") = "task 1", "task 1\task 1.csproj", "{AC443771-F855-42E1-8157-098A5D290BA4}"
EndProject
Project("{FAE04EC0-301F-11D3-BF4B-00C04F79EFBC}") = "task 2", "task 2\task 2.csproj", "{3C4BA0A9-2501-44D2-8822-0E7FBA6126B9}"
EndProject
Project("{FAE04EC0-301F-11D3-BF4B-00C04F79EFBC}") = "task 3", "task 3\task 3.csproj", "{5A95DE87-78EE-4F24-82A0-367EDF019983}"
EndProject
Project("{FAE04EC0-301F-11D3-BF4B-00C04F79EFBC}") = "task 4", "task 4\task 4.csproj", "{9F4C2449-5DE6-4590-B47E-246F12CF9091}"
EndProject
Project("{FAE04EC0-301F-11D3-BF4B-00C04F79EFBC}") = "task 5", "task 5\task 5.csproj", "{9642DB61-79C8-420D-8C24-54664CF31048}"
EndProject
Project("{FAE04EC0-301F-11D3-BF4B-00C04F79EFBC}") = "task 6", "task 6\task 6.csproj", "{F1730427-E043-4A87-842D-DF48B1058E12}"
EndProject
Project("{FAE04EC0-301F-11D3-BF4B-00C04F79EFBC}") = "task 7", "task 7\task 7.csproj", "{96D6669D-4D77-4EDC-8ADB-999EAC222B76}"
EndProject
Project("{FAE04EC0-301F-11D3-BF4B-00C04F79EFBC}") = "task 8", "task 8\task 8.csproj", "{D6CA02F9-5326-4D6E-8260-D23F9A669555}"
EndProject
Project("{FAE04EC0-301F-11D3-BF4B-00C04F79EFBC}") = "task 9", "task 9\task 9.csproj", "{DB7E5154-8A93-490E-AECB-E338A10AF45D}"
EndProject
Project("{FAE04EC0-301F-11D3-BF4B-00C04F79EFBC}") = "task 10", "task 10\task 10.csproj", "{82057657-54FE-4EE0-9CD0-12A0A1CF6C9B}"
EndProject
Project("{FAE04EC0-301F-11D3-BF4B-00C04F79EFBC}") = "task 11", "task 11\task 11.csproj", "{6B17870C-4CF5-4435-965F-7DA9B09DD5E9}"
EndProject
Project("{FAE04EC0-301F-11D3-BF4B-00C04F79EFBC}") = "task 12", "task 12\task 12.csproj", "{A8220D0C-C71F-49C7-A440-BA38A553A1C7}"
EndProject
Project("{FAE04EC0-301F-11D3-BF4B-00C04F79EFBC}") = "task 13", "task 13\task 13.csproj", "{631C441A-9B39-47B9-86CA-29F82BB80E72}"
EndProject
Project("{FAE04EC0-301F-11D3-BF4B-00C04F79EFBC}") = "task 14", "task 14\task 14.csproj", "{55A6668E-C201-4B27-9A00-0EAEF9B9DB93}"
EndProject
Project("{FAE04EC0-301F-11D3-BF4B-00C04F79EFBC}") = "task 15", "task 15\task 15.csproj", "{70702AA3-D04C-4795-B9C2-0FA1BE539E69}"
EndProject
Project("{FAE04EC0-301F-11D3-BF4B-00C04F79EFBC}") = "task 16", "task 16\task 16.csproj", "{799ED0F2-202C-41BB-9872-D8764E1179DF}"
EndProject
Project("{FAE04EC0-301F-11D3-BF4B-00C04F79EFBC}") = "task 17", "task 17\task 17.csproj", "{56C23B1D-6060-45E6-B7A4-FCE3C1BAD2E5}"
EndProject
Project("{FAE04EC0-301F-11D3-BF4B-00C04F79EFBC}") = "task 18", "task 18\task 18.csproj", "{AFA0979B-9626-4EA9-BC1E-539E253E51CC}"
EndProject
Global
	GlobalSection(SolutionConfigurationPlatforms) = preSolution
		Debug|Any CPU = Debug|Any CPU
		Release|Any CPU = Release|Any CPU
	EndGlobalSection
	GlobalSection(ProjectConfigurationPlatforms) = postSolution
		{AC443771-F855-42E1-8157-098A5D290BA4}.Debug|Any CPU.ActiveCfg = Debug|Any CPU
		{AC443771-F855-42E1-8157-098A5D290BA4}.Debug|Any CPU.Build.0 = Debug|Any CPU
		{AC443771-F855-42E1-8157-098A5D290BA4}.Release|Any CPU.ActiveCfg = Release|Any CPU
		{AC443771-F855-42E1-8157-098A5D290BA4}.Release|Any CPU.Build.0 = Release|Any CPU
		{3C4BA0A9-2501-44D2-8822-0E7FBA6126B9}.Debug|Any CPU.ActiveCfg = Debug|Any CPU
		{3C4BA0A9-2501-44D2-8822-0E7FBA6126B9}.Debug|Any CPU.Build.0 = Debug|Any CPU
		{3C4BA0A9-2501-44D2-8822-0E7FBA6126B9}.Release|Any CPU.ActiveCfg = Release|Any CPU
		{3C4BA0A9-2501-44D2-8822-0E7FBA6126B9}.Release|Any CPU.Build.0 = Release|Any CPU
		{5A95DE87-78EE-4F24-82A0-367EDF019983}.Debug|Any CPU.ActiveCfg = Debug|Any CPU
		{5A95DE87-78EE-4F24-82A0-367EDF019983}.Debug|Any CPU.Build.0 = Debug|Any CPU
		{5A95DE87-78EE-4F24-82A0-367EDF019983}.Release|Any CPU.ActiveCfg = Release|Any CPU
		{5A95DE87-78EE-4F24-82A0-367EDF019983}.Release|Any CPU.Build.0 = Release|Any CPU
		{9F4C2449-5DE6-4590-B47E-246F12CF9091}.Debug|Any CPU.ActiveCfg = Debug|Any CPU
		{9F4C2449-5DE6-4590-B47E-246F12CF9091}.Debug|Any CPU.Build.0 = Debug|Any CPU
		{9F4C2449-5DE6-4590-B47E-246F12CF9091}.Release|Any CPU.ActiveCfg = Release|Any CPU
		{9F4C2449-5DE6-4590-B47E-246F12CF9091}.Release|Any CPU.Build.0 = Release|Any CPU
		{9642DB61-79C8-420D-8C24-54664CF31048}.Debug|Any CPU.ActiveCfg = Debug|Any CPU
		{9642DB61-79C8-420D-8C24-54664CF31048}.Debug|Any CPU.Build.0 = Debug|Any CPU
		{9642DB61-79C8-420D-8C24-54664CF31048}.Release|Any CPU.ActiveCfg = Release|Any CPU
		{9642DB61-79C8-420D-8C24-54664CF31048}.Release|Any CPU.Build.0 = Release|Any CPU
		{F1730427-E043-4A87-842D-DF48B1058E12}.Debug|Any CPU.ActiveCfg = Debug|Any CPU
		{F1730427-E043-4A87-842D-DF48B1058E12}.Debug|Any CPU.Build.0 = Debug|Any CPU
		{F1730427-E043-4A87-842D-DF48B1058E12}.Release|Any CPU.ActiveCfg = Release|Any CPU
		{F1730427-E043-4A87-842D-DF48B1058E12}.Release|Any CPU.Build.0 = Release|Any CPU
		{96D6669D-4D77-4EDC-8ADB-999EAC222B76}.Debug|Any CPU.ActiveCfg = Debug|Any CPU
		{96D6669D-4D77-4EDC-8ADB-999EAC222B76}.Debug|Any CPU.Build.0 = Debug|Any CPU
		{96D6669D-4D77-4EDC-8ADB-999EAC222B76}.Release|Any CPU.ActiveCfg = Release|Any CPU
		{96D6669D-4D77-4EDC-8ADB-999EAC222B76}.Release|Any CPU.Build.0 = Release|Any CPU
		{D6CA02F9-5326-4D6E-8260-D23F9A669555}.Debug|Any CPU.ActiveCfg = Debug|Any CPU
		{D6CA02F9-5326-4D6E-8260-D23F9A669555}.Debug|Any CPU.Build.0 = Debug|Any CPU
		{D6CA02F9-5326-4D6E-8260-D23F9A669555}.Release|Any CPU.ActiveCfg = Release|Any CPU
		{D6CA02F9-5326-4D6E-8260-D23F9A669555}.Release|Any CPU.Build.0 = Release|Any CPU
		{DB7E5154-8A93-490E-AECB-E338A10AF45D}.Debug|Any CPU.ActiveCfg = Debug|Any CPU
		{DB7E5154-8A93-490E-AECB-E338A10AF45D}.Debug|Any CPU.Build.0 = Debug|Any CPU
		{DB7E5154-8A93-490E-AECB-E338A10AF45D}.Release|Any CPU.ActiveCfg = Release|Any CPU
		{DB7E5154-8A93-490E-AECB-E338A10AF45D}.Release|Any CPU.Build.0 = Release|Any CPU
		{82057657-54FE-4EE0-9CD0-12A0A1CF6C9B}.Debug|Any CPU.ActiveCfg = Debug|Any CPU
		{82057657-54FE-4EE0-9CD0-12A0A1CF6C9B}.Debug|Any CPU.Build.0 = Debug|Any CPU
		{82057657-54FE-4EE0-9CD0-12A0A1CF6C9B}.Release|Any CPU.ActiveCfg = Release|Any CPU
		{82057657-54FE-4EE0-9CD0-12A0A1CF6C9B}.Release|Any CPU.Build.0 = Release|Any CPU
		{6B17870C-4CF5-4435-965F-7DA9B09DD5E9}.Debug|Any CPU.ActiveCfg = Debug|Any CPU
		{6B17870C-4CF5-4435-965F-7DA9B09DD5E9}.Debug|Any CPU.Build.0 = Debug|Any CPU
		{6B17870C-4CF5-4435-965F-7DA9B09DD5E9}.Release|Any CPU.ActiveCfg = Release|Any CPU
		{6B17870C-4CF5-4435-965F-7DA9B09DD5E9}.Release|Any CPU.Build.0 = Release|Any CPU
		{A8220D0C-C71F-49C7-A440-BA38A553A1C7}.Debug|Any CPU.ActiveCfg = Debug|Any CPU
		{A8220D0C-C71F-49C7-A440-BA38A553A1C7}.Debug|Any CPU.Build.0 = Debug|Any CPU
		{A8220D0C-C71F-49C7-A440-BA38A553A1C7}.Release|Any CPU.ActiveCfg = Release|Any CPU
		{A8220D0C-C71F-49C7-A440-BA38A553A1C7}.Release|Any CPU.Build.0 = Release|Any CPU
		{631C441A-9B39-47B9-86CA-29F82BB80E72}.Debug|Any CPU.ActiveCfg = Debug|Any CPU
		{631C441A-9B39-47B9-86CA-29F82BB80E72}.Debug|Any CPU.Build.0 = Debug|Any CPU
		{631C441A-9B39-47B9-86CA-29F82BB80E72}.Release|Any CPU.ActiveCfg = Release|Any CPU
		{631C441A-9B39-47B9-86CA-29F82BB80E72}.Release|Any CPU.Build.0 = Release|Any CPU
		{55A6668E-C201-4B27-9A00-0EAEF9B9DB93}.Debug|Any CPU.ActiveCfg = Debug|Any CPU
		{55A6668E-C201-4B27-9A00-0EAEF9B9DB93}.Debug|Any CPU.Build.0 = Debug|Any CPU
		{55A6668E-C201-4B27-9A00-0EAEF9B9DB93}.Release|Any CPU.ActiveCfg = Release|Any CPU
		{55A6668E-C201-4B27-9A00-0EAEF9B9DB93}.Release|Any CPU.Build.0 = Release|Any CPU
		{70702AA3-D04C-4795-B9C2-0FA1BE539E69}.Debug|Any CPU.ActiveCfg = Debug|Any CPU
		{70702AA3-D04C-4795-B9C2-0FA1BE539E69}.Debug|Any CPU.Build.0 = Debug|Any CPU
		{70702AA3-D04C-4795-B9C2-0FA1BE539E69}.Release|Any CPU.ActiveCfg = Release|Any CPU
		{70702AA3-D04C-4795-B9C2-0FA1BE539E69}.Release|Any CPU.Build.0 = Release|Any CPU
		{799ED0F2-202C-41BB-9872-D8764E1179DF}.Debug|Any CPU.ActiveCfg = Debug|Any CPU
		{799ED0F2-202C-41BB-9872-D8764E1179DF}.Debug|Any CPU.Build.0 = Debug|Any CPU
		{799ED0F2-202C-41BB-9872-D8764E1179DF}.Release|Any CPU.ActiveCfg = Release|Any CPU
		{799ED0F2-202C-41BB-9872-D8764E1179DF}.Release|Any CPU.Build.0 = Release|Any CPU
		{56C23B1D-6060-45E6-B7A4-FCE3C1BAD2E5}.Debug|Any CPU.ActiveCfg = Debug|Any CPU
		{56C23B1D-6060-45E6-B7A4-FCE3C1BAD2E5}.Debug|Any CPU.Build.0 = Debug|Any CPU
		{56C23B1D-6060-45E6-B7A4-FCE3C1BAD2E5}.Release|Any CPU.ActiveCfg = Release|Any CPU
		{56C23B1D-6060-45E6-B7A4-FCE3C1BAD2E5}.Release|Any CPU.Build.0 = Release|Any CPU
		{AFA0979B-9626-4EA9-BC1E-539E253E51CC}.Debug|Any CPU.ActiveCfg = Debug|Any CPU
		{AFA0979B-9626-4EA9-BC1E-539E253E51CC}.Debug|Any CPU.Build.0 = Debug|Any CPU
		{AFA0979B-9626-4EA9-BC1E-539E253E51CC}.Release|Any CPU.ActiveCfg = Release|Any CPU
		{AFA0979B-9626-4EA9-BC1E-539E253E51CC}.Release|Any CPU.Build.0 = Release|Any CPU
	EndGlobalSection
	GlobalSection(SolutionProperties) = preSolution
		HideSolutionNode = FALSE
	EndGlobalSection
	GlobalSection(ExtensibilityGlobals) = postSolution
		SolutionGuid = {2EDDFDF8-160F-4395-A150-6D92A0B08B66}
	EndGlobalSection
EndGlobal
